
Microsoft Visual Studio Solution File, Format Version 12.00
# Visual Studio Version 16
VisualStudioVersion = 16.0.31409.214
MinimumVisualStudioVersion = 10.0.40219.1
Project("{FAE04EC0-301F-11D3-BF4B-00C04F79EFBC}") = "RichNotifications", "RichNotifications\RichNotifications.csproj", "{4347C09E-B3BE-4049-9540-09C8CAA3B8BA}"
EndProject
Global
	GlobalSection(SolutionConfigurationPlatforms) = preSolution
		Debug|Any CPU = Debug|Any CPU
		Release|Any CPU = Release|Any CPU
	EndGlobalSection
	GlobalSection(ProjectConfigurationPlatforms) = postSolution
		{4347C09E-B3BE-4049-9540-09C8CAA3B8BA}.Debug|Any CPU.ActiveCfg = Debug|Any CPU
		{4347C09E-B3BE-4049-9540-09C8CAA3B8BA}.Debug|Any CPU.Build.0 = Debug|Any CPU
		{4347C09E-B3BE-4049-9540-09C8CAA3B8BA}.Release|Any CPU.ActiveCfg = Release|Any CPU
		{4347C09E-B3BE-4049-9540-09C8CAA3B8BA}.Release|Any CPU.Build.0 = Release|Any CPU
	EndGlobalSection
	GlobalSection(SolutionProperties) = preSolution
		HideSolutionNode = FALSE
	EndGlobalSection
	GlobalSection(ExtensibilityGlobals) = postSolution
		SolutionGuid = {DDBCAA86-7461-4EE3-A4E6-A59E02367D50}
	EndGlobalSection
EndGlobal
