
Microsoft Visual Studio Solution File, Format Version 12.00
# Visual Studio Version 16
VisualStudioVersion = 16.0.31409.214
MinimumVisualStudioVersion = 10.0.40219.1
Project("{FAE04EC0-301F-11D3-BF4B-00C04F79EFBC}") = "RichNotifications", "RichNotifications\RichNotifications.csproj", "{4347C09E-B3BE-4049-9540-09C8CAA3B8BA}"
EndProject
Project("{9A19103F-16F7-4668-BE54-9A1E7A4F7556}") = "Microsoft.Graph.Core", "msgraph-sdk-dotnet-core\src\Microsoft.Graph.Core\Microsoft.Graph.Core.csproj", "{F92AC291-8932-432F-8FA4-294FC7C20363}"
EndProject
Project("{9A19103F-16F7-4668-BE54-9A1E7A4F7556}") = "Microsoft.Graph.Beta", "msgraph-beta-sdk-dotnet\src\Microsoft.Graph\Microsoft.Graph.Beta.csproj", "{8D06F513-BDEF-445C-9171-F3EC23B1FF84}"
	ProjectSection(ProjectDependencies) = postProject
		{F92AC291-8932-432F-8FA4-294FC7C20363} = {F92AC291-8932-432F-8FA4-294FC7C20363}
	EndProjectSection
EndProject
Global
	GlobalSection(SolutionConfigurationPlatforms) = preSolution
		Debug|Any CPU = Debug|Any CPU
		Release|Any CPU = Release|Any CPU
	EndGlobalSection
	GlobalSection(ProjectConfigurationPlatforms) = postSolution
		{4347C09E-B3BE-4049-9540-09C8CAA3B8BA}.Debug|Any CPU.ActiveCfg = Debug|Any CPU
		{4347C09E-B3BE-4049-9540-09C8CAA3B8BA}.Debug|Any CPU.Build.0 = Debug|Any CPU
		{4347C09E-B3BE-4049-9540-09C8CAA3B8BA}.Release|Any CPU.ActiveCfg = Release|Any CPU
		{4347C09E-B3BE-4049-9540-09C8CAA3B8BA}.Release|Any CPU.Build.0 = Release|Any CPU
		{F92AC291-8932-432F-8FA4-294FC7C20363}.Debug|Any CPU.ActiveCfg = Debug|Any CPU
		{F92AC291-8932-432F-8FA4-294FC7C20363}.Debug|Any CPU.Build.0 = Debug|Any CPU
		{F92AC291-8932-432F-8FA4-294FC7C20363}.Release|Any CPU.ActiveCfg = Release|Any CPU
		{F92AC291-8932-432F-8FA4-294FC7C20363}.Release|Any CPU.Build.0 = Release|Any CPU
		{8D06F513-BDEF-445C-9171-F3EC23B1FF84}.Debug|Any CPU.ActiveCfg = Debug|Any CPU
		{8D06F513-BDEF-445C-9171-F3EC23B1FF84}.Debug|Any CPU.Build.0 = Debug|Any CPU
		{8D06F513-BDEF-445C-9171-F3EC23B1FF84}.Release|Any CPU.ActiveCfg = Release|Any CPU
		{8D06F513-BDEF-445C-9171-F3EC23B1FF84}.Release|Any CPU.Build.0 = Release|Any CPU
	EndGlobalSection
	GlobalSection(SolutionProperties) = preSolution
		HideSolutionNode = FALSE
	EndGlobalSection
	GlobalSection(ExtensibilityGlobals) = postSolution
		SolutionGuid = {DDBCAA86-7461-4EE3-A4E6-A59E02367D50}
	EndGlobalSection
EndGlobal
